# This file is automatically @generated by Cargo.
# It is not intended for manual editing.
version = 4

[[package]]
name = "apictl"
version = "0.1.0"
dependencies = [
 "backendapi",
]

[[package]]
name = "auth"
version = "0.1.0"

[[package]]
name = "backendapi"
version = "0.1.0"

[[package]]
name = "common"
version = "0.1.0"

[[package]]
name = "dnsd"
version = "0.1.0"

[[package]]
name = "dnsdbackend"
version = "0.1.0"

[[package]]
name = "dnsdctl"
version = "0.1.0"
dependencies = [
 "dnsd",
]

[[package]]
name = "edgehub"
version = "0.1.0"

[[package]]
name = "edgehubctl"
version = "0.1.0"
dependencies = [
 "edgehub",
]

[[package]]
name = "feature_pipe"
version = "0.1.0"

[[package]]
name = "feed_grpc"
version = "0.1.0"

[[package]]
name = "feed_webhook"
version = "0.1.0"

[[package]]
name = "feedctl"
version = "0.1.0"
dependencies = [
 "feed_webhook",
]

[[package]]
name = "grpcfeedctl"
version = "0.1.0"
dependencies = [
 "feed_grpc",
]

[[package]]
name = "intake_collector"
version = "0.1.0"

[[package]]
name = "intake_collectorctl"
version = "0.1.0"
dependencies = [
 "intake_collector",
]

[[package]]
name = "metrics_client"
version = "0.1.0"

[[package]]
name = "ml_scorer"
version = "0.1.0"

[[package]]
name = "ml_scorerctl"
version = "0.1.0"
dependencies = [
 "ml_scorer",
]
